// !$*UTF8*$!
{
	archiveVersion = 1;
	classes = {
	};
	objectVersion = 50;
	objects = {

/* Begin PBXBuildFile section */
		79A42F2B027091B62AA9D9B7 /* Pods_MindWaveJournalerUITests.framework in Frameworks */ = {isa = PBXBuildFile; fileRef = 2B94A1EC1B7D2BB8D39A1F7C /* Pods_MindWaveJournalerUITests.framework */; };
		B105195A22109E1600D9C0B4 /* ActivityCollectionViewController.swift in Sources */ = {isa = PBXBuildFile; fileRef = B105195922109E1600D9C0B4 /* ActivityCollectionViewController.swift */; };
		B105196A2211957100D9C0B4 /* FAIcons in Resources */ = {isa = PBXBuildFile; fileRef = B10519682211951B00D9C0B4 /* FAIcons */; };
		B137EFF6211F450B00E7E220 /* MindMobileEEGSample.swift in Sources */ = {isa = PBXBuildFile; fileRef = B137EFF5211F450B00E7E220 /* MindMobileEEGSample.swift */; };
		B1B10031221054E50035977C /* RemoteDevices.swift in Sources */ = {isa = PBXBuildFile; fileRef = B1B10030221054E50035977C /* RemoteDevices.swift */; };
		B1DAF4F521153F8B00CA0E06 /* libMWMSDK.a in Frameworks */ = {isa = PBXBuildFile; fileRef = B1DAF4F421153F8B00CA0E06 /* libMWMSDK.a */; };
		B1E2DEA22212470B001F3CE0 /* ActivitiesSettings.swift in Sources */ = {isa = PBXBuildFile; fileRef = B1E2DEA12212470B001F3CE0 /* ActivitiesSettings.swift */; };
		B1E2DEA92218DF24001F3CE0 /* CreateActivityViewController.swift in Sources */ = {isa = PBXBuildFile; fileRef = B1E2DEA82218DF24001F3CE0 /* CreateActivityViewController.swift */; };
		B1E2DEAB2218EC46001F3CE0 /* IconSelectCollectionViewController.swift in Sources */ = {isa = PBXBuildFile; fileRef = B1E2DEAA2218EC46001F3CE0 /* IconSelectCollectionViewController.swift */; };
		B1E2DEAF221A5067001F3CE0 /* Activity.swift in Sources */ = {isa = PBXBuildFile; fileRef = B1E2DEAE221A5067001F3CE0 /* Activity.swift */; };
		B1E2DEB1221A8057001F3CE0 /* ActivityCollectionViewCell.swift in Sources */ = {isa = PBXBuildFile; fileRef = B1E2DEB0221A8057001F3CE0 /* ActivityCollectionViewCell.swift */; };
		B1FE2B1D2114BCE000A1584B /* AppDelegate.swift in Sources */ = {isa = PBXBuildFile; fileRef = B1FE2B1C2114BCE000A1584B /* AppDelegate.swift */; };
		B1FE2B1F2114BCE000A1584B /* ViewController.swift in Sources */ = {isa = PBXBuildFile; fileRef = B1FE2B1E2114BCE000A1584B /* ViewController.swift */; };
		B1FE2B222114BCE000A1584B /* Main.storyboard in Resources */ = {isa = PBXBuildFile; fileRef = B1FE2B202114BCE000A1584B /* Main.storyboard */; };
		B1FE2B252114BCE000A1584B /* MindWaveJournaler.xcdatamodeld in Sources */ = {isa = PBXBuildFile; fileRef = B1FE2B232114BCE000A1584B /* MindWaveJournaler.xcdatamodeld */; };
		B1FE2B272114BCE000A1584B /* Assets.xcassets in Resources */ = {isa = PBXBuildFile; fileRef = B1FE2B262114BCE000A1584B /* Assets.xcassets */; };
		B1FE2B2A2114BCE000A1584B /* LaunchScreen.storyboard in Resources */ = {isa = PBXBuildFile; fileRef = B1FE2B282114BCE000A1584B /* LaunchScreen.storyboard */; };
		B1FE2B352114BCE000A1584B /* MindWaveJournalerTests.swift in Sources */ = {isa = PBXBuildFile; fileRef = B1FE2B342114BCE000A1584B /* MindWaveJournalerTests.swift */; };
		B1FE2B402114BCE100A1584B /* MindWaveJournalerUITests.swift in Sources */ = {isa = PBXBuildFile; fileRef = B1FE2B3F2114BCE100A1584B /* MindWaveJournalerUITests.swift */; };
		C9A68329A24ED4D4EA945049 /* Pods_MindWaveJournaler.framework in Frameworks */ = {isa = PBXBuildFile; fileRef = EBB09320F550272CA4F21AF1 /* Pods_MindWaveJournaler.framework */; };
		E77908104B4AD72AE7A6063A /* Pods_MindWaveJournalerTests.framework in Frameworks */ = {isa = PBXBuildFile; fileRef = BBB18229999E3B49819FE583 /* Pods_MindWaveJournalerTests.framework */; };
/* End PBXBuildFile section */

/* Begin PBXContainerItemProxy section */
		B1FE2B312114BCE000A1584B /* PBXContainerItemProxy */ = {
			isa = PBXContainerItemProxy;
			containerPortal = B1FE2B112114BCE000A1584B /* Project object */;
			proxyType = 1;
			remoteGlobalIDString = B1FE2B182114BCE000A1584B;
			remoteInfo = MindWaveJournaler;
		};
		B1FE2B3C2114BCE100A1584B /* PBXContainerItemProxy */ = {
			isa = PBXContainerItemProxy;
			containerPortal = B1FE2B112114BCE000A1584B /* Project object */;
			proxyType = 1;
			remoteGlobalIDString = B1FE2B182114BCE000A1584B;
			remoteInfo = MindWaveJournaler;
		};
/* End PBXContainerItemProxy section */

/* Begin PBXFileReference section */
		2143174AC3920E460D548DB5 /* Pods-MindWaveJournalerTests.debug.xcconfig */ = {isa = PBXFileReference; includeInIndex = 1; lastKnownFileType = text.xcconfig; name = "Pods-MindWaveJournalerTests.debug.xcconfig"; path = "Pods/Target Support Files/Pods-MindWaveJournalerTests/Pods-MindWaveJournalerTests.debug.xcconfig"; sourceTree = "<group>"; };
		2B94A1EC1B7D2BB8D39A1F7C /* Pods_MindWaveJournalerUITests.framework */ = {isa = PBXFileReference; explicitFileType = wrapper.framework; includeInIndex = 0; path = Pods_MindWaveJournalerUITests.framework; sourceTree = BUILT_PRODUCTS_DIR; };
		AEB240903EC08C4A43E5394F /* Pods-MindWaveJournaler.release.xcconfig */ = {isa = PBXFileReference; includeInIndex = 1; lastKnownFileType = text.xcconfig; name = "Pods-MindWaveJournaler.release.xcconfig"; path = "Pods/Target Support Files/Pods-MindWaveJournaler/Pods-MindWaveJournaler.release.xcconfig"; sourceTree = "<group>"; };
		B105195922109E1600D9C0B4 /* ActivityCollectionViewController.swift */ = {isa = PBXFileReference; lastKnownFileType = sourcecode.swift; path = ActivityCollectionViewController.swift; sourceTree = "<group>"; };
		B10519682211951B00D9C0B4 /* FAIcons */ = {isa = PBXFileReference; lastKnownFileType = folder; path = FAIcons; sourceTree = SOURCE_ROOT; };
		B137EFF5211F450B00E7E220 /* MindMobileEEGSample.swift */ = {isa = PBXFileReference; lastKnownFileType = sourcecode.swift; path = MindMobileEEGSample.swift; sourceTree = "<group>"; };
		B1B10030221054E50035977C /* RemoteDevices.swift */ = {isa = PBXFileReference; lastKnownFileType = sourcecode.swift; path = RemoteDevices.swift; sourceTree = "<group>"; };
		B1DAF4F421153F8B00CA0E06 /* libMWMSDK.a */ = {isa = PBXFileReference; lastKnownFileType = archive.ar; path = libMWMSDK.a; sourceTree = "<group>"; };
		B1E2DEA12212470B001F3CE0 /* ActivitiesSettings.swift */ = {isa = PBXFileReference; lastKnownFileType = sourcecode.swift; path = ActivitiesSettings.swift; sourceTree = "<group>"; };
		B1E2DEA82218DF24001F3CE0 /* CreateActivityViewController.swift */ = {isa = PBXFileReference; lastKnownFileType = sourcecode.swift; path = CreateActivityViewController.swift; sourceTree = "<group>"; };
		B1E2DEAA2218EC46001F3CE0 /* IconSelectCollectionViewController.swift */ = {isa = PBXFileReference; lastKnownFileType = sourcecode.swift; path = IconSelectCollectionViewController.swift; sourceTree = "<group>"; };
		B1E2DEAE221A5067001F3CE0 /* Activity.swift */ = {isa = PBXFileReference; fileEncoding = 4; lastKnownFileType = sourcecode.swift; path = Activity.swift; sourceTree = "<group>"; };
		B1E2DEB0221A8057001F3CE0 /* ActivityCollectionViewCell.swift */ = {isa = PBXFileReference; lastKnownFileType = sourcecode.swift; path = ActivityCollectionViewCell.swift; sourceTree = "<group>"; };
		B1FE2B192114BCE000A1584B /* MindWaveJournaler.app */ = {isa = PBXFileReference; explicitFileType = wrapper.application; includeInIndex = 0; path = MindWaveJournaler.app; sourceTree = BUILT_PRODUCTS_DIR; };
		B1FE2B1C2114BCE000A1584B /* AppDelegate.swift */ = {isa = PBXFileReference; lastKnownFileType = sourcecode.swift; path = AppDelegate.swift; sourceTree = "<group>"; };
		B1FE2B1E2114BCE000A1584B /* ViewController.swift */ = {isa = PBXFileReference; lastKnownFileType = sourcecode.swift; path = ViewController.swift; sourceTree = "<group>"; };
		B1FE2B212114BCE000A1584B /* Base */ = {isa = PBXFileReference; lastKnownFileType = file.storyboard; name = Base; path = Base.lproj/Main.storyboard; sourceTree = "<group>"; };
		B1FE2B242114BCE000A1584B /* MindWaveJournaler.xcdatamodel */ = {isa = PBXFileReference; lastKnownFileType = wrapper.xcdatamodel; path = MindWaveJournaler.xcdatamodel; sourceTree = "<group>"; };
		B1FE2B262114BCE000A1584B /* Assets.xcassets */ = {isa = PBXFileReference; lastKnownFileType = folder.assetcatalog; path = Assets.xcassets; sourceTree = "<group>"; };
		B1FE2B292114BCE000A1584B /* Base */ = {isa = PBXFileReference; lastKnownFileType = file.storyboard; name = Base; path = Base.lproj/LaunchScreen.storyboard; sourceTree = "<group>"; };
		B1FE2B2B2114BCE000A1584B /* Info.plist */ = {isa = PBXFileReference; lastKnownFileType = text.plist.xml; path = Info.plist; sourceTree = "<group>"; };
		B1FE2B302114BCE000A1584B /* MindWaveJournalerTests.xctest */ = {isa = PBXFileReference; explicitFileType = wrapper.cfbundle; includeInIndex = 0; path = MindWaveJournalerTests.xctest; sourceTree = BUILT_PRODUCTS_DIR; };
		B1FE2B342114BCE000A1584B /* MindWaveJournalerTests.swift */ = {isa = PBXFileReference; lastKnownFileType = sourcecode.swift; path = MindWaveJournalerTests.swift; sourceTree = "<group>"; };
		B1FE2B362114BCE000A1584B /* Info.plist */ = {isa = PBXFileReference; lastKnownFileType = text.plist.xml; path = Info.plist; sourceTree = "<group>"; };
		B1FE2B3B2114BCE100A1584B /* MindWaveJournalerUITests.xctest */ = {isa = PBXFileReference; explicitFileType = wrapper.cfbundle; includeInIndex = 0; path = MindWaveJournalerUITests.xctest; sourceTree = BUILT_PRODUCTS_DIR; };
		B1FE2B3F2114BCE100A1584B /* MindWaveJournalerUITests.swift */ = {isa = PBXFileReference; lastKnownFileType = sourcecode.swift; path = MindWaveJournalerUITests.swift; sourceTree = "<group>"; };
		B1FE2B412114BCE100A1584B /* Info.plist */ = {isa = PBXFileReference; lastKnownFileType = text.plist.xml; path = Info.plist; sourceTree = "<group>"; };
		B1FE2B552114BF7300A1584B /* MindWaveJournaler-Bridging-Header.h */ = {isa = PBXFileReference; fileEncoding = 4; lastKnownFileType = sourcecode.c.h; path = "MindWaveJournaler-Bridging-Header.h"; sourceTree = "<group>"; };
		B32E0A04E4AEDC941F60DFB4 /* Pods-MindWaveJournalerUITests.debug.xcconfig */ = {isa = PBXFileReference; includeInIndex = 1; lastKnownFileType = text.xcconfig; name = "Pods-MindWaveJournalerUITests.debug.xcconfig"; path = "Pods/Target Support Files/Pods-MindWaveJournalerUITests/Pods-MindWaveJournalerUITests.debug.xcconfig"; sourceTree = "<group>"; };
		BBB18229999E3B49819FE583 /* Pods_MindWaveJournalerTests.framework */ = {isa = PBXFileReference; explicitFileType = wrapper.framework; includeInIndex = 0; path = Pods_MindWaveJournalerTests.framework; sourceTree = BUILT_PRODUCTS_DIR; };
		CD7A91153D0CB1EF06D34CFF /* Pods-MindWaveJournaler.debug.xcconfig */ = {isa = PBXFileReference; includeInIndex = 1; lastKnownFileType = text.xcconfig; name = "Pods-MindWaveJournaler.debug.xcconfig"; path = "Pods/Target Support Files/Pods-MindWaveJournaler/Pods-MindWaveJournaler.debug.xcconfig"; sourceTree = "<group>"; };
		D9C33C25D3F28271CF8FA29F /* Pods-MindWaveJournalerUITests.release.xcconfig */ = {isa = PBXFileReference; includeInIndex = 1; lastKnownFileType = text.xcconfig; name = "Pods-MindWaveJournalerUITests.release.xcconfig"; path = "Pods/Target Support Files/Pods-MindWaveJournalerUITests/Pods-MindWaveJournalerUITests.release.xcconfig"; sourceTree = "<group>"; };
		EBB09320F550272CA4F21AF1 /* Pods_MindWaveJournaler.framework */ = {isa = PBXFileReference; explicitFileType = wrapper.framework; includeInIndex = 0; path = Pods_MindWaveJournaler.framework; sourceTree = BUILT_PRODUCTS_DIR; };
		F377097831BCA4EDCB53A6E1 /* Pods-MindWaveJournalerTests.release.xcconfig */ = {isa = PBXFileReference; includeInIndex = 1; lastKnownFileType = text.xcconfig; name = "Pods-MindWaveJournalerTests.release.xcconfig"; path = "Pods/Target Support Files/Pods-MindWaveJournalerTests/Pods-MindWaveJournalerTests.release.xcconfig"; sourceTree = "<group>"; };
/* End PBXFileReference section */

/* Begin PBXFrameworksBuildPhase section */
		B1FE2B162114BCE000A1584B /* Frameworks */ = {
			isa = PBXFrameworksBuildPhase;
			buildActionMask = 2147483647;
			files = (
				B1DAF4F521153F8B00CA0E06 /* libMWMSDK.a in Frameworks */,
				C9A68329A24ED4D4EA945049 /* Pods_MindWaveJournaler.framework in Frameworks */,
			);
			runOnlyForDeploymentPostprocessing = 0;
		};
		B1FE2B2D2114BCE000A1584B /* Frameworks */ = {
			isa = PBXFrameworksBuildPhase;
			buildActionMask = 2147483647;
			files = (
				E77908104B4AD72AE7A6063A /* Pods_MindWaveJournalerTests.framework in Frameworks */,
			);
			runOnlyForDeploymentPostprocessing = 0;
		};
		B1FE2B382114BCE100A1584B /* Frameworks */ = {
			isa = PBXFrameworksBuildPhase;
			buildActionMask = 2147483647;
			files = (
				79A42F2B027091B62AA9D9B7 /* Pods_MindWaveJournalerUITests.framework in Frameworks */,
			);
			runOnlyForDeploymentPostprocessing = 0;
		};
/* End PBXFrameworksBuildPhase section */

/* Begin PBXGroup section */
		B1051957221099CD00D9C0B4 /* Devices */ = {
			isa = PBXGroup;
			children = (
				B1B10030221054E50035977C /* RemoteDevices.swift */,
				B137EFF5211F450B00E7E220 /* MindMobileEEGSample.swift */,
			);
			path = Devices;
			sourceTree = "<group>";
		};
		B1051958221099E500D9C0B4 /* ViewControllers */ = {
			isa = PBXGroup;
			children = (
				B1E2DEB0221A8057001F3CE0 /* ActivityCollectionViewCell.swift */,
				B1FE2B1E2114BCE000A1584B /* ViewController.swift */,
				B105195922109E1600D9C0B4 /* ActivityCollectionViewController.swift */,
				B1E2DEA82218DF24001F3CE0 /* CreateActivityViewController.swift */,
				B1E2DEAA2218EC46001F3CE0 /* IconSelectCollectionViewController.swift */,
			);
			path = ViewControllers;
			sourceTree = "<group>";
		};
		B1E2DEA722124C26001F3CE0 /* DataFiles */ = {
			isa = PBXGroup;
			children = (
				B1E2DEAE221A5067001F3CE0 /* Activity.swift */,
				B1E2DEA12212470B001F3CE0 /* ActivitiesSettings.swift */,
			);
			path = DataFiles;
			sourceTree = "<group>";
		};
		B1FE2B102114BCE000A1584B = {
			isa = PBXGroup;
			children = (
				B10519682211951B00D9C0B4 /* FAIcons */,
				B1FE2B552114BF7300A1584B /* MindWaveJournaler-Bridging-Header.h */,
				B1FE2B1B2114BCE000A1584B /* MindWaveJournaler */,
				B1FE2B332114BCE000A1584B /* MindWaveJournalerTests */,
				B1FE2B3E2114BCE100A1584B /* MindWaveJournalerUITests */,
				B1FE2B1A2114BCE000A1584B /* Products */,
				B1FE2B532114BE4200A1584B /* Frameworks */,
				D8942DC186FDF98A0D9EA6F3 /* Pods */,
			);
			sourceTree = "<group>";
		};
		B1FE2B1A2114BCE000A1584B /* Products */ = {
			isa = PBXGroup;
			children = (
				B1FE2B192114BCE000A1584B /* MindWaveJournaler.app */,
				B1FE2B302114BCE000A1584B /* MindWaveJournalerTests.xctest */,
				B1FE2B3B2114BCE100A1584B /* MindWaveJournalerUITests.xctest */,
			);
			name = Products;
			sourceTree = "<group>";
		};
		B1FE2B1B2114BCE000A1584B /* MindWaveJournaler */ = {
			isa = PBXGroup;
			children = (
				B1FE2B1C2114BCE000A1584B /* AppDelegate.swift */,
				B1E2DEA722124C26001F3CE0 /* DataFiles */,
				B1051958221099E500D9C0B4 /* ViewControllers */,
				B1051957221099CD00D9C0B4 /* Devices */,
				B1FE2B202114BCE000A1584B /* Main.storyboard */,
				B1FE2B262114BCE000A1584B /* Assets.xcassets */,
				B1FE2B282114BCE000A1584B /* LaunchScreen.storyboard */,
				B1FE2B2B2114BCE000A1584B /* Info.plist */,
				B1FE2B232114BCE000A1584B /* MindWaveJournaler.xcdatamodeld */,
			);
			path = MindWaveJournaler;
			sourceTree = "<group>";
		};
		B1FE2B332114BCE000A1584B /* MindWaveJournalerTests */ = {
			isa = PBXGroup;
			children = (
				B1FE2B342114BCE000A1584B /* MindWaveJournalerTests.swift */,
				B1FE2B362114BCE000A1584B /* Info.plist */,
			);
			path = MindWaveJournalerTests;
			sourceTree = "<group>";
		};
		B1FE2B3E2114BCE100A1584B /* MindWaveJournalerUITests */ = {
			isa = PBXGroup;
			children = (
				B1FE2B3F2114BCE100A1584B /* MindWaveJournalerUITests.swift */,
				B1FE2B412114BCE100A1584B /* Info.plist */,
			);
			path = MindWaveJournalerUITests;
			sourceTree = "<group>";
		};
		B1FE2B532114BE4200A1584B /* Frameworks */ = {
			isa = PBXGroup;
			children = (
				B1DAF4F421153F8B00CA0E06 /* libMWMSDK.a */,
				EBB09320F550272CA4F21AF1 /* Pods_MindWaveJournaler.framework */,
				BBB18229999E3B49819FE583 /* Pods_MindWaveJournalerTests.framework */,
				2B94A1EC1B7D2BB8D39A1F7C /* Pods_MindWaveJournalerUITests.framework */,
			);
			name = Frameworks;
			sourceTree = "<group>";
		};
		D8942DC186FDF98A0D9EA6F3 /* Pods */ = {
			isa = PBXGroup;
			children = (
				CD7A91153D0CB1EF06D34CFF /* Pods-MindWaveJournaler.debug.xcconfig */,
				AEB240903EC08C4A43E5394F /* Pods-MindWaveJournaler.release.xcconfig */,
				2143174AC3920E460D548DB5 /* Pods-MindWaveJournalerTests.debug.xcconfig */,
				F377097831BCA4EDCB53A6E1 /* Pods-MindWaveJournalerTests.release.xcconfig */,
				B32E0A04E4AEDC941F60DFB4 /* Pods-MindWaveJournalerUITests.debug.xcconfig */,
				D9C33C25D3F28271CF8FA29F /* Pods-MindWaveJournalerUITests.release.xcconfig */,
			);
			name = Pods;
			sourceTree = "<group>";
		};
/* End PBXGroup section */

/* Begin PBXNativeTarget section */
		B1FE2B182114BCE000A1584B /* MindWaveJournaler */ = {
			isa = PBXNativeTarget;
			buildConfigurationList = B1FE2B442114BCE100A1584B /* Build configuration list for PBXNativeTarget "MindWaveJournaler" */;
			buildPhases = (
				AE8693C195802C08E42B3BCB /* [CP] Check Pods Manifest.lock */,
				B1FE2B152114BCE000A1584B /* Sources */,
				B1FE2B162114BCE000A1584B /* Frameworks */,
				B1FE2B172114BCE000A1584B /* Resources */,
				1814D2A901E53DF52A50F815 /* [CP] Embed Pods Frameworks */,
			);
			buildRules = (
			);
			dependencies = (
			);
			name = MindWaveJournaler;
			productName = MindWaveJournaler;
			productReference = B1FE2B192114BCE000A1584B /* MindWaveJournaler.app */;
			productType = "com.apple.product-type.application";
		};
		B1FE2B2F2114BCE000A1584B /* MindWaveJournalerTests */ = {
			isa = PBXNativeTarget;
			buildConfigurationList = B1FE2B472114BCE100A1584B /* Build configuration list for PBXNativeTarget "MindWaveJournalerTests" */;
			buildPhases = (
				72E4C7077E24B978F36DBABB /* [CP] Check Pods Manifest.lock */,
				B1FE2B2C2114BCE000A1584B /* Sources */,
				B1FE2B2D2114BCE000A1584B /* Frameworks */,
				B1FE2B2E2114BCE000A1584B /* Resources */,
			);
			buildRules = (
			);
			dependencies = (
				B1FE2B322114BCE000A1584B /* PBXTargetDependency */,
			);
			name = MindWaveJournalerTests;
			productName = MindWaveJournalerTests;
			productReference = B1FE2B302114BCE000A1584B /* MindWaveJournalerTests.xctest */;
			productType = "com.apple.product-type.bundle.unit-test";
		};
		B1FE2B3A2114BCE100A1584B /* MindWaveJournalerUITests */ = {
			isa = PBXNativeTarget;
			buildConfigurationList = B1FE2B4A2114BCE100A1584B /* Build configuration list for PBXNativeTarget "MindWaveJournalerUITests" */;
			buildPhases = (
				F74F2FCD4B77F52D98AFCC5C /* [CP] Check Pods Manifest.lock */,
				B1FE2B372114BCE100A1584B /* Sources */,
				B1FE2B382114BCE100A1584B /* Frameworks */,
				B1FE2B392114BCE100A1584B /* Resources */,
			);
			buildRules = (
			);
			dependencies = (
				B1FE2B3D2114BCE100A1584B /* PBXTargetDependency */,
			);
			name = MindWaveJournalerUITests;
			productName = MindWaveJournalerUITests;
			productReference = B1FE2B3B2114BCE100A1584B /* MindWaveJournalerUITests.xctest */;
			productType = "com.apple.product-type.bundle.ui-testing";
		};
/* End PBXNativeTarget section */

/* Begin PBXProject section */
		B1FE2B112114BCE000A1584B /* Project object */ = {
			isa = PBXProject;
			attributes = {
				LastSwiftUpdateCheck = 0940;
				LastUpgradeCheck = 0940;
				ORGANIZATIONNAME = "Honeysuckle Hardware";
				TargetAttributes = {
					B1FE2B182114BCE000A1584B = {
						CreatedOnToolsVersion = 9.4.1;
					};
					B1FE2B2F2114BCE000A1584B = {
						CreatedOnToolsVersion = 9.4.1;
						TestTargetID = B1FE2B182114BCE000A1584B;
					};
					B1FE2B3A2114BCE100A1584B = {
						CreatedOnToolsVersion = 9.4.1;
						TestTargetID = B1FE2B182114BCE000A1584B;
					};
				};
			};
			buildConfigurationList = B1FE2B142114BCE000A1584B /* Build configuration list for PBXProject "MindWaveJournaler" */;
			compatibilityVersion = "Xcode 9.3";
			developmentRegion = en;
			hasScannedForEncodings = 0;
			knownRegions = (
				en,
				Base,
			);
			mainGroup = B1FE2B102114BCE000A1584B;
			productRefGroup = B1FE2B1A2114BCE000A1584B /* Products */;
			projectDirPath = "";
			projectRoot = "";
			targets = (
				B1FE2B182114BCE000A1584B /* MindWaveJournaler */,
				B1FE2B2F2114BCE000A1584B /* MindWaveJournalerTests */,
				B1FE2B3A2114BCE100A1584B /* MindWaveJournalerUITests */,
			);
		};
/* End PBXProject section */

/* Begin PBXResourcesBuildPhase section */
		B1FE2B172114BCE000A1584B /* Resources */ = {
			isa = PBXResourcesBuildPhase;
			buildActionMask = 2147483647;
			files = (
				B105196A2211957100D9C0B4 /* FAIcons in Resources */,
				B1FE2B2A2114BCE000A1584B /* LaunchScreen.storyboard in Resources */,
				B1FE2B272114BCE000A1584B /* Assets.xcassets in Resources */,
				B1FE2B222114BCE000A1584B /* Main.storyboard in Resources */,
			);
			runOnlyForDeploymentPostprocessing = 0;
		};
		B1FE2B2E2114BCE000A1584B /* Resources */ = {
			isa = PBXResourcesBuildPhase;
			buildActionMask = 2147483647;
			files = (
			);
			runOnlyForDeploymentPostprocessing = 0;
		};
		B1FE2B392114BCE100A1584B /* Resources */ = {
			isa = PBXResourcesBuildPhase;
			buildActionMask = 2147483647;
			files = (
			);
			runOnlyForDeploymentPostprocessing = 0;
		};
/* End PBXResourcesBuildPhase section */

/* Begin PBXShellScriptBuildPhase section */
		1814D2A901E53DF52A50F815 /* [CP] Embed Pods Frameworks */ = {
			isa = PBXShellScriptBuildPhase;
			buildActionMask = 2147483647;
			files = (
			);
			inputPaths = (
				"${PODS_ROOT}/Target Support Files/Pods-MindWaveJournaler/Pods-MindWaveJournaler-frameworks.sh",
				"${BUILT_PRODUCTS_DIR}/Alamofire/Alamofire.framework",
			);
			name = "[CP] Embed Pods Frameworks";
			outputPaths = (
				"${TARGET_BUILD_DIR}/${FRAMEWORKS_FOLDER_PATH}/Alamofire.framework",
			);
			runOnlyForDeploymentPostprocessing = 0;
			shellPath = /bin/sh;
			shellScript = "\"${PODS_ROOT}/Target Support Files/Pods-MindWaveJournaler/Pods-MindWaveJournaler-frameworks.sh\"\n";
			showEnvVarsInLog = 0;
		};
		72E4C7077E24B978F36DBABB /* [CP] Check Pods Manifest.lock */ = {
			isa = PBXShellScriptBuildPhase;
			buildActionMask = 2147483647;
			files = (
			);
			inputPaths = (
				"${PODS_PODFILE_DIR_PATH}/Podfile.lock",
				"${PODS_ROOT}/Manifest.lock",
			);
			name = "[CP] Check Pods Manifest.lock";
			outputPaths = (
				"$(DERIVED_FILE_DIR)/Pods-MindWaveJournalerTests-checkManifestLockResult.txt",
			);
			runOnlyForDeploymentPostprocessing = 0;
			shellPath = /bin/sh;
			shellScript = "diff \"${PODS_PODFILE_DIR_PATH}/Podfile.lock\" \"${PODS_ROOT}/Manifest.lock\" > /dev/null\nif [ $? != 0 ] ; then\n    # print error to STDERR\n    echo \"error: The sandbox is not in sync with the Podfile.lock. Run 'pod install' or update your CocoaPods installation.\" >&2\n    exit 1\nfi\n# This output is used by Xcode 'outputs' to avoid re-running this script phase.\necho \"SUCCESS\" > \"${SCRIPT_OUTPUT_FILE_0}\"\n";
			showEnvVarsInLog = 0;
		};
		AE8693C195802C08E42B3BCB /* [CP] Check Pods Manifest.lock */ = {
			isa = PBXShellScriptBuildPhase;
			buildActionMask = 2147483647;
			files = (
			);
			inputPaths = (
				"${PODS_PODFILE_DIR_PATH}/Podfile.lock",
				"${PODS_ROOT}/Manifest.lock",
			);
			name = "[CP] Check Pods Manifest.lock";
			outputPaths = (
				"$(DERIVED_FILE_DIR)/Pods-MindWaveJournaler-checkManifestLockResult.txt",
			);
			runOnlyForDeploymentPostprocessing = 0;
			shellPath = /bin/sh;
			shellScript = "diff \"${PODS_PODFILE_DIR_PATH}/Podfile.lock\" \"${PODS_ROOT}/Manifest.lock\" > /dev/null\nif [ $? != 0 ] ; then\n    # print error to STDERR\n    echo \"error: The sandbox is not in sync with the Podfile.lock. Run 'pod install' or update your CocoaPods installation.\" >&2\n    exit 1\nfi\n# This output is used by Xcode 'outputs' to avoid re-running this script phase.\necho \"SUCCESS\" > \"${SCRIPT_OUTPUT_FILE_0}\"\n";
			showEnvVarsInLog = 0;
		};
		F74F2FCD4B77F52D98AFCC5C /* [CP] Check Pods Manifest.lock */ = {
			isa = PBXShellScriptBuildPhase;
			buildActionMask = 2147483647;
			files = (
			);
			inputPaths = (
				"${PODS_PODFILE_DIR_PATH}/Podfile.lock",
				"${PODS_ROOT}/Manifest.lock",
			);
			name = "[CP] Check Pods Manifest.lock";
			outputPaths = (
				"$(DERIVED_FILE_DIR)/Pods-MindWaveJournalerUITests-checkManifestLockResult.txt",
			);
			runOnlyForDeploymentPostprocessing = 0;
			shellPath = /bin/sh;
			shellScript = "diff \"${PODS_PODFILE_DIR_PATH}/Podfile.lock\" \"${PODS_ROOT}/Manifest.lock\" > /dev/null\nif [ $? != 0 ] ; then\n    # print error to STDERR\n    echo \"error: The sandbox is not in sync with the Podfile.lock. Run 'pod install' or update your CocoaPods installation.\" >&2\n    exit 1\nfi\n# This output is used by Xcode 'outputs' to avoid re-running this script phase.\necho \"SUCCESS\" > \"${SCRIPT_OUTPUT_FILE_0}\"\n";
			showEnvVarsInLog = 0;
		};
/* End PBXShellScriptBuildPhase section */

/* Begin PBXSourcesBuildPhase section */
		B1FE2B152114BCE000A1584B /* Sources */ = {
			isa = PBXSourcesBuildPhase;
			buildActionMask = 2147483647;
			files = (
				B1E2DEAF221A5067001F3CE0 /* Activity.swift in Sources */,
				B1FE2B1F2114BCE000A1584B /* ViewController.swift in Sources */,
				B1E2DEA92218DF24001F3CE0 /* CreateActivityViewController.swift in Sources */,
				B1E2DEB1221A8057001F3CE0 /* ActivityCollectionViewCell.swift in Sources */,
				B105195A22109E1600D9C0B4 /* ActivityCollectionViewController.swift in Sources */,
				B1FE2B252114BCE000A1584B /* MindWaveJournaler.xcdatamodeld in Sources */,
				B1B10031221054E50035977C /* RemoteDevices.swift in Sources */,
				B1E2DEA22212470B001F3CE0 /* ActivitiesSettings.swift in Sources */,
				B1FE2B1D2114BCE000A1584B /* AppDelegate.swift in Sources */,
				B1E2DEAB2218EC46001F3CE0 /* IconSelectCollectionViewController.swift in Sources */,
				B137EFF6211F450B00E7E220 /* MindMobileEEGSample.swift in Sources */,
			);
			runOnlyForDeploymentPostprocessing = 0;
		};
		B1FE2B2C2114BCE000A1584B /* Sources */ = {
			isa = PBXSourcesBuildPhase;
			buildActionMask = 2147483647;
			files = (
				B1FE2B352114BCE000A1584B /* MindWaveJournalerTests.swift in Sources */,
			);
			runOnlyForDeploymentPostprocessing = 0;
		};
		B1FE2B372114BCE100A1584B /* Sources */ = {
			isa = PBXSourcesBuildPhase;
			buildActionMask = 2147483647;
			files = (
				B1FE2B402114BCE100A1584B /* MindWaveJournalerUITests.swift in Sources */,
			);
			runOnlyForDeploymentPostprocessing = 0;
		};
/* End PBXSourcesBuildPhase section */

/* Begin PBXTargetDependency section */
		B1FE2B322114BCE000A1584B /* PBXTargetDependency */ = {
			isa = PBXTargetDependency;
			target = B1FE2B182114BCE000A1584B /* MindWaveJournaler */;
			targetProxy = B1FE2B312114BCE000A1584B /* PBXContainerItemProxy */;
		};
		B1FE2B3D2114BCE100A1584B /* PBXTargetDependency */ = {
			isa = PBXTargetDependency;
			target = B1FE2B182114BCE000A1584B /* MindWaveJournaler */;
			targetProxy = B1FE2B3C2114BCE100A1584B /* PBXContainerItemProxy */;
		};
/* End PBXTargetDependency section */

/* Begin PBXVariantGroup section */
		B1FE2B202114BCE000A1584B /* Main.storyboard */ = {
			isa = PBXVariantGroup;
			children = (
				B1FE2B212114BCE000A1584B /* Base */,
			);
			name = Main.storyboard;
			sourceTree = "<group>";
		};
		B1FE2B282114BCE000A1584B /* LaunchScreen.storyboard */ = {
			isa = PBXVariantGroup;
			children = (
				B1FE2B292114BCE000A1584B /* Base */,
			);
			name = LaunchScreen.storyboard;
			sourceTree = "<group>";
		};
/* End PBXVariantGroup section */

/* Begin XCBuildConfiguration section */
		B1FE2B422114BCE100A1584B /* Debug */ = {
			isa = XCBuildConfiguration;
			buildSettings = {
				ALWAYS_SEARCH_USER_PATHS = NO;
				CLANG_ANALYZER_NONNULL = YES;
				CLANG_ANALYZER_NUMBER_OBJECT_CONVERSION = YES_AGGRESSIVE;
				CLANG_CXX_LANGUAGE_STANDARD = "gnu++14";
				CLANG_CXX_LIBRARY = "libc++";
				CLANG_ENABLE_MODULES = YES;
				CLANG_ENABLE_OBJC_ARC = YES;
				CLANG_ENABLE_OBJC_WEAK = YES;
				CLANG_WARN_BLOCK_CAPTURE_AUTORELEASING = YES;
				CLANG_WARN_BOOL_CONVERSION = YES;
				CLANG_WARN_COMMA = YES;
				CLANG_WARN_CONSTANT_CONVERSION = YES;
				CLANG_WARN_DEPRECATED_OBJC_IMPLEMENTATIONS = YES;
				CLANG_WARN_DIRECT_OBJC_ISA_USAGE = YES_ERROR;
				CLANG_WARN_DOCUMENTATION_COMMENTS = YES;
				CLANG_WARN_EMPTY_BODY = YES;
				CLANG_WARN_ENUM_CONVERSION = YES;
				CLANG_WARN_INFINITE_RECURSION = YES;
				CLANG_WARN_INT_CONVERSION = YES;
				CLANG_WARN_NON_LITERAL_NULL_CONVERSION = YES;
				CLANG_WARN_OBJC_IMPLICIT_RETAIN_SELF = YES;
				CLANG_WARN_OBJC_LITERAL_CONVERSION = YES;
				CLANG_WARN_OBJC_ROOT_CLASS = YES_ERROR;
				CLANG_WARN_RANGE_LOOP_ANALYSIS = YES;
				CLANG_WARN_STRICT_PROTOTYPES = YES;
				CLANG_WARN_SUSPICIOUS_MOVE = YES;
				CLANG_WARN_UNGUARDED_AVAILABILITY = YES_AGGRESSIVE;
				CLANG_WARN_UNREACHABLE_CODE = YES;
				CLANG_WARN__DUPLICATE_METHOD_MATCH = YES;
				CODE_SIGN_IDENTITY = "iPhone Developer";
				COPY_PHASE_STRIP = NO;
				DEBUG_INFORMATION_FORMAT = dwarf;
				ENABLE_STRICT_OBJC_MSGSEND = YES;
				ENABLE_TESTABILITY = YES;
				GCC_C_LANGUAGE_STANDARD = gnu11;
				GCC_DYNAMIC_NO_PIC = NO;
				GCC_NO_COMMON_BLOCKS = YES;
				GCC_OPTIMIZATION_LEVEL = 0;
				GCC_PREPROCESSOR_DEFINITIONS = (
					"DEBUG=1",
					"$(inherited)",
				);
				GCC_WARN_64_TO_32_BIT_CONVERSION = YES;
				GCC_WARN_ABOUT_RETURN_TYPE = YES_ERROR;
				GCC_WARN_UNDECLARED_SELECTOR = YES;
				GCC_WARN_UNINITIALIZED_AUTOS = YES_AGGRESSIVE;
				GCC_WARN_UNUSED_FUNCTION = YES;
				GCC_WARN_UNUSED_VARIABLE = YES;
				IPHONEOS_DEPLOYMENT_TARGET = 11.4;
				MTL_ENABLE_DEBUG_INFO = YES;
				ONLY_ACTIVE_ARCH = YES;
				SDKROOT = iphoneos;
				SWIFT_ACTIVE_COMPILATION_CONDITIONS = DEBUG;
				SWIFT_OPTIMIZATION_LEVEL = "-Onone";
			};
			name = Debug;
		};
		B1FE2B432114BCE100A1584B /* Release */ = {
			isa = XCBuildConfiguration;
			buildSettings = {
				ALWAYS_SEARCH_USER_PATHS = NO;
				CLANG_ANALYZER_NONNULL = YES;
				CLANG_ANALYZER_NUMBER_OBJECT_CONVERSION = YES_AGGRESSIVE;
				CLANG_CXX_LANGUAGE_STANDARD = "gnu++14";
				CLANG_CXX_LIBRARY = "libc++";
				CLANG_ENABLE_MODULES = YES;
				CLANG_ENABLE_OBJC_ARC = YES;
				CLANG_ENABLE_OBJC_WEAK = YES;
				CLANG_WARN_BLOCK_CAPTURE_AUTORELEASING = YES;
				CLANG_WARN_BOOL_CONVERSION = YES;
				CLANG_WARN_COMMA = YES;
				CLANG_WARN_CONSTANT_CONVERSION = YES;
				CLANG_WARN_DEPRECATED_OBJC_IMPLEMENTATIONS = YES;
				CLANG_WARN_DIRECT_OBJC_ISA_USAGE = YES_ERROR;
				CLANG_WARN_DOCUMENTATION_COMMENTS = YES;
				CLANG_WARN_EMPTY_BODY = YES;
				CLANG_WARN_ENUM_CONVERSION = YES;
				CLANG_WARN_INFINITE_RECURSION = YES;
				CLANG_WARN_INT_CONVERSION = YES;
				CLANG_WARN_NON_LITERAL_NULL_CONVERSION = YES;
				CLANG_WARN_OBJC_IMPLICIT_RETAIN_SELF = YES;
				CLANG_WARN_OBJC_LITERAL_CONVERSION = YES;
				CLANG_WARN_OBJC_ROOT_CLASS = YES_ERROR;
				CLANG_WARN_RANGE_LOOP_ANALYSIS = YES;
				CLANG_WARN_STRICT_PROTOTYPES = YES;
				CLANG_WARN_SUSPICIOUS_MOVE = YES;
				CLANG_WARN_UNGUARDED_AVAILABILITY = YES_AGGRESSIVE;
				CLANG_WARN_UNREACHABLE_CODE = YES;
				CLANG_WARN__DUPLICATE_METHOD_MATCH = YES;
				CODE_SIGN_IDENTITY = "iPhone Developer";
				COPY_PHASE_STRIP = NO;
				DEBUG_INFORMATION_FORMAT = "dwarf-with-dsym";
				ENABLE_NS_ASSERTIONS = NO;
				ENABLE_STRICT_OBJC_MSGSEND = YES;
				GCC_C_LANGUAGE_STANDARD = gnu11;
				GCC_NO_COMMON_BLOCKS = YES;
				GCC_WARN_64_TO_32_BIT_CONVERSION = YES;
				GCC_WARN_ABOUT_RETURN_TYPE = YES_ERROR;
				GCC_WARN_UNDECLARED_SELECTOR = YES;
				GCC_WARN_UNINITIALIZED_AUTOS = YES_AGGRESSIVE;
				GCC_WARN_UNUSED_FUNCTION = YES;
				GCC_WARN_UNUSED_VARIABLE = YES;
				IPHONEOS_DEPLOYMENT_TARGET = 11.4;
				MTL_ENABLE_DEBUG_INFO = NO;
				SDKROOT = iphoneos;
				SWIFT_COMPILATION_MODE = wholemodule;
				SWIFT_OPTIMIZATION_LEVEL = "-O";
				VALIDATE_PRODUCT = YES;
			};
			name = Release;
		};
		B1FE2B452114BCE100A1584B /* Debug */ = {
			isa = XCBuildConfiguration;
			baseConfigurationReference = CD7A91153D0CB1EF06D34CFF /* Pods-MindWaveJournaler.debug.xcconfig */;
			buildSettings = {
				ASSETCATALOG_COMPILER_APPICON_NAME = AppIcon;
				CODE_SIGN_STYLE = Automatic;
				DEVELOPMENT_TEAM = BZSLFTY5UY;
				INFOPLIST_FILE = MindWaveJournaler/Info.plist;
				LD_RUNPATH_SEARCH_PATHS = (
					"$(inherited)",
					"@executable_path/Frameworks",
				);
				LIBRARY_SEARCH_PATHS = (
					"$(inherited)",
					"$(PROJECT_DIR)",
				);
				PRODUCT_BUNDLE_IDENTIFIER = "honeysuckle-hardware.MindWaveJournaler";
				PRODUCT_NAME = "$(TARGET_NAME)";
				SWIFT_OBJC_BRIDGING_HEADER = "/Users/cthomasbrittain/Desktop/MindWaveJournaler/MindWaveJournaler-Bridging-Header.h";
				SWIFT_VERSION = 4.0;
				TARGETED_DEVICE_FAMILY = "1,2";
			};
			name = Debug;
		};
		B1FE2B462114BCE100A1584B /* Release */ = {
			isa = XCBuildConfiguration;
			baseConfigurationReference = AEB240903EC08C4A43E5394F /* Pods-MindWaveJournaler.release.xcconfig */;
			buildSettings = {
				ASSETCATALOG_COMPILER_APPICON_NAME = AppIcon;
				CODE_SIGN_STYLE = Automatic;
				DEVELOPMENT_TEAM = BZSLFTY5UY;
				INFOPLIST_FILE = MindWaveJournaler/Info.plist;
				LD_RUNPATH_SEARCH_PATHS = (
					"$(inherited)",
					"@executable_path/Frameworks",
				);
				LIBRARY_SEARCH_PATHS = (
					"$(inherited)",
					"$(PROJECT_DIR)",
				);
				PRODUCT_BUNDLE_IDENTIFIER = "honeysuckle-hardware.MindWaveJournaler";
				PRODUCT_NAME = "$(TARGET_NAME)";
				SWIFT_OBJC_BRIDGING_HEADER = "/Users/cthomasbrittain/Desktop/MindWaveJournaler/MindWaveJournaler-Bridging-Header.h";
				SWIFT_VERSION = 4.0;
				TARGETED_DEVICE_FAMILY = "1,2";
			};
			name = Release;
		};
		B1FE2B482114BCE100A1584B /* Debug */ = {
			isa = XCBuildConfiguration;
			baseConfigurationReference = 2143174AC3920E460D548DB5 /* Pods-MindWaveJournalerTests.debug.xcconfig */;
			buildSettings = {
				ALWAYS_EMBED_SWIFT_STANDARD_LIBRARIES = YES;
				BUNDLE_LOADER = "$(TEST_HOST)";
				CODE_SIGN_STYLE = Automatic;
				DEVELOPMENT_TEAM = BZSLFTY5UY;
				INFOPLIST_FILE = MindWaveJournalerTests/Info.plist;
				LD_RUNPATH_SEARCH_PATHS = (
					"$(inherited)",
					"@executable_path/Frameworks",
					"@loader_path/Frameworks",
				);
				PRODUCT_BUNDLE_IDENTIFIER = "honeysuckle-hardware.MindWaveJournalerTests";
				PRODUCT_NAME = "$(TARGET_NAME)";
				SWIFT_VERSION = 4.0;
				TARGETED_DEVICE_FAMILY = "1,2";
				TEST_HOST = "$(BUILT_PRODUCTS_DIR)/MindWaveJournaler.app/MindWaveJournaler";
			};
			name = Debug;
		};
		B1FE2B492114BCE100A1584B /* Release */ = {
			isa = XCBuildConfiguration;
			baseConfigurationReference = F377097831BCA4EDCB53A6E1 /* Pods-MindWaveJournalerTests.release.xcconfig */;
			buildSettings = {
				ALWAYS_EMBED_SWIFT_STANDARD_LIBRARIES = YES;
				BUNDLE_LOADER = "$(TEST_HOST)";
				CODE_SIGN_STYLE = Automatic;
				DEVELOPMENT_TEAM = BZSLFTY5UY;
				INFOPLIST_FILE = MindWaveJournalerTests/Info.plist;
				LD_RUNPATH_SEARCH_PATHS = (
					"$(inherited)",
					"@executable_path/Frameworks",
					"@loader_path/Frameworks",
				);
				PRODUCT_BUNDLE_IDENTIFIER = "honeysuckle-hardware.MindWaveJournalerTests";
				PRODUCT_NAME = "$(TARGET_NAME)";
				SWIFT_VERSION = 4.0;
				TARGETED_DEVICE_FAMILY = "1,2";
				TEST_HOST = "$(BUILT_PRODUCTS_DIR)/MindWaveJournaler.app/MindWaveJournaler";
			};
			name = Release;
		};
		B1FE2B4B2114BCE100A1584B /* Debug */ = {
			isa = XCBuildConfiguration;
			baseConfigurationReference = B32E0A04E4AEDC941F60DFB4 /* Pods-MindWaveJournalerUITests.debug.xcconfig */;
			buildSettings = {
				ALWAYS_EMBED_SWIFT_STANDARD_LIBRARIES = YES;
				CODE_SIGN_STYLE = Automatic;
				DEVELOPMENT_TEAM = BZSLFTY5UY;
				INFOPLIST_FILE = MindWaveJournalerUITests/Info.plist;
				LD_RUNPATH_SEARCH_PATHS = (
					"$(inherited)",
					"@executable_path/Frameworks",
					"@loader_path/Frameworks",
				);
				PRODUCT_BUNDLE_IDENTIFIER = "honeysuckle-hardware.MindWaveJournalerUITests";
				PRODUCT_NAME = "$(TARGET_NAME)";
				SWIFT_VERSION = 4.0;
				TARGETED_DEVICE_FAMILY = "1,2";
				TEST_TARGET_NAME = MindWaveJournaler;
			};
			name = Debug;
		};
		B1FE2B4C2114BCE100A1584B /* Release */ = {
			isa = XCBuildConfiguration;
			baseConfigurationReference = D9C33C25D3F28271CF8FA29F /* Pods-MindWaveJournalerUITests.release.xcconfig */;
			buildSettings = {
				ALWAYS_EMBED_SWIFT_STANDARD_LIBRARIES = YES;
				CODE_SIGN_STYLE = Automatic;
				DEVELOPMENT_TEAM = BZSLFTY5UY;
				INFOPLIST_FILE = MindWaveJournalerUITests/Info.plist;
				LD_RUNPATH_SEARCH_PATHS = (
					"$(inherited)",
					"@executable_path/Frameworks",
					"@loader_path/Frameworks",
				);
				PRODUCT_BUNDLE_IDENTIFIER = "honeysuckle-hardware.MindWaveJournalerUITests";
				PRODUCT_NAME = "$(TARGET_NAME)";
				SWIFT_VERSION = 4.0;
				TARGETED_DEVICE_FAMILY = "1,2";
				TEST_TARGET_NAME = MindWaveJournaler;
			};
			name = Release;
		};
/* End XCBuildConfiguration section */

/* Begin XCConfigurationList section */
		B1FE2B142114BCE000A1584B /* Build configuration list for PBXProject "MindWaveJournaler" */ = {
			isa = XCConfigurationList;
			buildConfigurations = (
				B1FE2B422114BCE100A1584B /* Debug */,
				B1FE2B432114BCE100A1584B /* Release */,
			);
			defaultConfigurationIsVisible = 0;
			defaultConfigurationName = Release;
		};
		B1FE2B442114BCE100A1584B /* Build configuration list for PBXNativeTarget "MindWaveJournaler" */ = {
			isa = XCConfigurationList;
			buildConfigurations = (
				B1FE2B452114BCE100A1584B /* Debug */,
				B1FE2B462114BCE100A1584B /* Release */,
			);
			defaultConfigurationIsVisible = 0;
			defaultConfigurationName = Release;
		};
		B1FE2B472114BCE100A1584B /* Build configuration list for PBXNativeTarget "MindWaveJournalerTests" */ = {
			isa = XCConfigurationList;
			buildConfigurations = (
				B1FE2B482114BCE100A1584B /* Debug */,
				B1FE2B492114BCE100A1584B /* Release */,
			);
			defaultConfigurationIsVisible = 0;
			defaultConfigurationName = Release;
		};
		B1FE2B4A2114BCE100A1584B /* Build configuration list for PBXNativeTarget "MindWaveJournalerUITests" */ = {
			isa = XCConfigurationList;
			buildConfigurations = (
				B1FE2B4B2114BCE100A1584B /* Debug */,
				B1FE2B4C2114BCE100A1584B /* Release */,
			);
			defaultConfigurationIsVisible = 0;
			defaultConfigurationName = Release;
		};
/* End XCConfigurationList section */

/* Begin XCVersionGroup section */
		B1FE2B232114BCE000A1584B /* MindWaveJournaler.xcdatamodeld */ = {
			isa = XCVersionGroup;
			children = (
				B1FE2B242114BCE000A1584B /* MindWaveJournaler.xcdatamodel */,
			);
			currentVersion = B1FE2B242114BCE000A1584B /* MindWaveJournaler.xcdatamodel */;
			path = MindWaveJournaler.xcdatamodeld;
			sourceTree = "<group>";
			versionGroupType = wrapper.xcdatamodel;
		};
/* End XCVersionGroup section */
	};
	rootObject = B1FE2B112114BCE000A1584B /* Project object */;
}
