PODS:
  - Alamofire (4.7.3)
  - Toaster (2.1.1)

DEPENDENCIES:
  - Alamofire (~> 4.7)
  - Toaster

SPEC REPOS:
  https://github.com/cocoapods/specs.git:
    - Alamofire
    - Toaster

SPEC CHECKSUMS:
  Alamofire: c7287b6e5d7da964a70935e5db17046b7fde6568
  Toaster: a6c9532de1ded8105e77376f7dffeb2e12b46dbb

PODFILE CHECKSUM: 3783bb0566ff372fdc9c9f4a97634f9081e8564a

COCOAPODS: 1.5.3
